
Microsoft Visual Studio Solution File, Format Version 12.00
# Visual Studio Version 17
VisualStudioVersion = 17.1.31911.260
MinimumVisualStudioVersion = 10.0.40219.1
Project("{FAE04EC0-301F-11D3-BF4B-00C04F79EFBC}") = "JustKiddin", "JustKiddin\JustKiddin.csproj", "{542A5AED-151E-4AC8-8718-F31FA80AF822}"
EndProject
Project("{FAE04EC0-301F-11D3-BF4B-00C04F79EFBC}") = "Infector", "Infector\Infector.csproj", "{553D6885-E2DE-4327-BF91-161EC9A73399}"
EndProject
Global
	GlobalSection(SolutionConfigurationPlatforms) = preSolution
		Debug|Any CPU = Debug|Any CPU
		Release|Any CPU = Release|Any CPU
	EndGlobalSection
	GlobalSection(ProjectConfigurationPlatforms) = postSolution
		{542A5AED-151E-4AC8-8718-F31FA80AF822}.Debug|Any CPU.ActiveCfg = Debug|Any CPU
		{542A5AED-151E-4AC8-8718-F31FA80AF822}.Debug|Any CPU.Build.0 = Debug|Any CPU
		{542A5AED-151E-4AC8-8718-F31FA80AF822}.Release|Any CPU.ActiveCfg = Release|Any CPU
		{542A5AED-151E-4AC8-8718-F31FA80AF822}.Release|Any CPU.Build.0 = Release|Any CPU
		{553D6885-E2DE-4327-BF91-161EC9A73399}.Debug|Any CPU.ActiveCfg = Debug|Any CPU
		{553D6885-E2DE-4327-BF91-161EC9A73399}.Debug|Any CPU.Build.0 = Debug|Any CPU
		{553D6885-E2DE-4327-BF91-161EC9A73399}.Release|Any CPU.ActiveCfg = Release|Any CPU
		{553D6885-E2DE-4327-BF91-161EC9A73399}.Release|Any CPU.Build.0 = Release|Any CPU
	EndGlobalSection
	GlobalSection(SolutionProperties) = preSolution
		HideSolutionNode = FALSE
	EndGlobalSection
	GlobalSection(ExtensibilityGlobals) = postSolution
		SolutionGuid = {CCCDDC8B-4BA4-481B-B670-95BD840571B3}
	EndGlobalSection
EndGlobal
